PODS:
  - XestiMonitors (2.12.1):
    - XestiMonitors/Core (= 2.12.1)
  - XestiMonitors/Core (2.12.1)

DEPENDENCIES:
  - XestiMonitors (from `../../`)

EXTERNAL SOURCES:
  XestiMonitors:
    :path: "../../"

SPEC CHECKSUMS:
  XestiMonitors: 76202c88ccbefe189f2bb296cac80873db600824

PODFILE CHECKSUM: af967f85b3de0f1060583f21837d6381de340343

COCOAPODS: 1.9.1
