PODS:
  - XestiMonitors (2.12.1):
    - XestiMonitors/Core (= 2.12.1)
  - XestiMonitors/Core (2.12.1)

DEPENDENCIES:
  - XestiMonitors (from `../../`)

EXTERNAL SOURCES:
  XestiMonitors:
    :path: "../../"

SPEC CHECKSUMS:
  XestiMonitors: 3582995744a8eb3fb4567dfa3f9257a201b84c6d

PODFILE CHECKSUM: af967f85b3de0f1060583f21837d6381de340343

COCOAPODS: 1.6.1
