PODS:
  - XestiMonitors (2.3.0):
    - XestiMonitors/Core (= 2.3.0)
  - XestiMonitors/Core (2.3.0)

DEPENDENCIES:
  - XestiMonitors (from `../../`)

EXTERNAL SOURCES:
  XestiMonitors:
    :path: ../../

SPEC CHECKSUMS:
  XestiMonitors: 9aafe7918fb8d06387a00ec7240c332987f04f9a

PODFILE CHECKSUM: af967f85b3de0f1060583f21837d6381de340343

COCOAPODS: 1.4.0
