// !$*UTF8*$!
{
	archiveVersion = 1;
	classes = {
	};
	objectVersion = 48;
	objects = {

/* Begin PBXBuildFile section */
		1F8EAD8B18A642617449A1EF994B7ACF /* AccessibilityDetailViewController.swift in Sources */ = {isa = PBXBuildFile; fileRef = 8E93A1E9BCC8EF979BC1D868FE781D27 /* AccessibilityDetailViewController.swift */; };
		025D0B955844FCF09C3B987D21161724 /* AppDelegate.swift in Sources */ = {isa = PBXBuildFile; fileRef = FCC3E3B7775D0EAB11F53F12CFBBC255 /* AppDelegate.swift */; };
		ED3E1C658986CAEC2CA4904E2D8523FF /* ApplicationDetailViewController.swift in Sources */ = {isa = PBXBuildFile; fileRef = 6686FB9920C0A759BD0A7ABD66ABC739 /* ApplicationDetailViewController.swift */; };
		23335732524A514E157682414512FFBD /* Assets.xcassets in Resources */ = {isa = PBXBuildFile; fileRef = 7480CAE2F92D9528DB49B809D477CC37 /* Assets.xcassets */; };
		7B53F00CC9D0507246196CBA76100637 /* DeviceDetailViewController.swift in Sources */ = {isa = PBXBuildFile; fileRef = 63A5D6F4D8AD8AEB10D92DF186E9E07E /* DeviceDetailViewController.swift */; };
		F15148FC2E190DD4724011C6F92E2DAA /* Formatters.swift in Sources */ = {isa = PBXBuildFile; fileRef = E2FC050D9D272F9F9583129B94FA87F5 /* Formatters.swift */; };
		90CBB5EE0F6840815570CA2592CBB8C8 /* LaunchScreen.storyboard in Resources */ = {isa = PBXBuildFile; fileRef = BEF94CE17E3CC3ACD3A84C3CD36447C2 /* LaunchScreen.storyboard */; };
		699759279CFF5C5CA0C6AA30EDCD8B12 /* LocationDetailViewController.swift in Sources */ = {isa = PBXBuildFile; fileRef = 3C319FA8DFDB41910F5B3482BFB776D2 /* LocationDetailViewController.swift */; };
		A0D7A65493AD0E2F9F20F99D8DC47941 /* Main.storyboard in Resources */ = {isa = PBXBuildFile; fileRef = 2AD0226A9C6446EDC8243E944E8D5A80 /* Main.storyboard */; };
		78D035EA283D48BB3FD29294C8F0C5F6 /* MasterViewController.swift in Sources */ = {isa = PBXBuildFile; fileRef = 129A1F7B59643EE023BDD2C0445E4236 /* MasterViewController.swift */; };
		937785761C438A37295555A9D4559A1B /* MotionDetailViewController.swift in Sources */ = {isa = PBXBuildFile; fileRef = FB0FDF42633DD3FBD9FFB601F445B99E /* MotionDetailViewController.swift */; };
		C1BF74418843FA6FDA88FAC4B9AF1E85 /* OtherDetailViewController.swift in Sources */ = {isa = PBXBuildFile; fileRef = 091C3212D8F84F4E317559FB7C2768EB /* OtherDetailViewController.swift */; };
		91F28858E31923ED9C160A865BF3A277 /* Pods_XestiMonitorsDemo.framework in Frameworks */ = {isa = PBXBuildFile; fileRef = 129D515958E64AA58BD4445444C16400 /* Pods_XestiMonitorsDemo.framework */; };
		079CF84D08E4E652FC129C6A74134D8D /* ScreenDetailViewController.swift in Sources */ = {isa = PBXBuildFile; fileRef = E4C1F23C29BBC9BDCB66C6C42D62494F /* ScreenDetailViewController.swift */; };
		8A6F112FCA539DEEBA2BD5D3AB57D2F6 /* TextDetailViewController.swift in Sources */ = {isa = PBXBuildFile; fileRef = 7839B851BB651C1C5E2E8F7A69C1F361 /* TextDetailViewController.swift */; };
/* End PBXBuildFile section */

/* Begin PBXFileReference section */
		8E93A1E9BCC8EF979BC1D868FE781D27 /* AccessibilityDetailViewController.swift */ = {isa = PBXFileReference; fileEncoding = 4; lastKnownFileType = sourcecode.swift; path = AccessibilityDetailViewController.swift; sourceTree = "<group>"; };
		FCC3E3B7775D0EAB11F53F12CFBBC255 /* AppDelegate.swift */ = {isa = PBXFileReference; fileEncoding = 4; lastKnownFileType = sourcecode.swift; path = AppDelegate.swift; sourceTree = "<group>"; };
		6686FB9920C0A759BD0A7ABD66ABC739 /* ApplicationDetailViewController.swift */ = {isa = PBXFileReference; fileEncoding = 4; lastKnownFileType = sourcecode.swift; path = ApplicationDetailViewController.swift; sourceTree = "<group>"; };
		7480CAE2F92D9528DB49B809D477CC37 /* Assets.xcassets */ = {isa = PBXFileReference; lastKnownFileType = folder.assetcatalog; path = Assets.xcassets; sourceTree = "<group>"; };
		3A2662E030E32BD408D4091D852D603F /* Base */ = {isa = PBXFileReference; lastKnownFileType = file.storyboard; name = Base; path = Base.lproj/Main.storyboard; sourceTree = "<group>"; };
		F7CA6EB736AE7343778AE2245F039209 /* Base */ = {isa = PBXFileReference; lastKnownFileType = file.storyboard; name = Base; path = Base.lproj/LaunchScreen.storyboard; sourceTree = "<group>"; };
		63A5D6F4D8AD8AEB10D92DF186E9E07E /* DeviceDetailViewController.swift */ = {isa = PBXFileReference; fileEncoding = 4; lastKnownFileType = sourcecode.swift; path = DeviceDetailViewController.swift; sourceTree = "<group>"; };
		E2FC050D9D272F9F9583129B94FA87F5 /* Formatters.swift */ = {isa = PBXFileReference; fileEncoding = 4; lastKnownFileType = sourcecode.swift; path = Formatters.swift; sourceTree = "<group>"; };
		996B7977F641C5B43260A498BCAE3468 /* Info.plist */ = {isa = PBXFileReference; lastKnownFileType = text.plist.xml; path = Info.plist; sourceTree = "<group>"; };
		3C319FA8DFDB41910F5B3482BFB776D2 /* LocationDetailViewController.swift */ = {isa = PBXFileReference; fileEncoding = 4; lastKnownFileType = sourcecode.swift; path = LocationDetailViewController.swift; sourceTree = "<group>"; };
		129A1F7B59643EE023BDD2C0445E4236 /* MasterViewController.swift */ = {isa = PBXFileReference; fileEncoding = 4; lastKnownFileType = sourcecode.swift; path = MasterViewController.swift; sourceTree = "<group>"; };
		FB0FDF42633DD3FBD9FFB601F445B99E /* MotionDetailViewController.swift */ = {isa = PBXFileReference; fileEncoding = 4; lastKnownFileType = sourcecode.swift; path = MotionDetailViewController.swift; sourceTree = "<group>"; };
		091C3212D8F84F4E317559FB7C2768EB /* OtherDetailViewController.swift */ = {isa = PBXFileReference; fileEncoding = 4; lastKnownFileType = sourcecode.swift; path = OtherDetailViewController.swift; sourceTree = "<group>"; };
		146D5C435C5EF80E4A3B33AD70CD99AA /* Pods-XestiMonitorsDemo.debug.xcconfig */ = {isa = PBXFileReference; includeInIndex = 1; lastKnownFileType = text.xcconfig; name = "Pods-XestiMonitorsDemo.debug.xcconfig"; path = "Pods/Target Support Files/Pods-XestiMonitorsDemo/Pods-XestiMonitorsDemo.debug.xcconfig"; sourceTree = "<group>"; };
		6DD4E577B466C769847B43EB9039E6CF /* Pods-XestiMonitorsDemo.release.xcconfig */ = {isa = PBXFileReference; includeInIndex = 1; lastKnownFileType = text.xcconfig; name = "Pods-XestiMonitorsDemo.release.xcconfig"; path = "Pods/Target Support Files/Pods-XestiMonitorsDemo/Pods-XestiMonitorsDemo.release.xcconfig"; sourceTree = "<group>"; };
		129D515958E64AA58BD4445444C16400 /* Pods_XestiMonitorsDemo.framework */ = {isa = PBXFileReference; explicitFileType = wrapper.framework; includeInIndex = 0; path = Pods_XestiMonitorsDemo.framework; sourceTree = BUILT_PRODUCTS_DIR; };
		E4C1F23C29BBC9BDCB66C6C42D62494F /* ScreenDetailViewController.swift */ = {isa = PBXFileReference; lastKnownFileType = sourcecode.swift; path = ScreenDetailViewController.swift; sourceTree = "<group>"; };
		7839B851BB651C1C5E2E8F7A69C1F361 /* TextDetailViewController.swift */ = {isa = PBXFileReference; fileEncoding = 4; lastKnownFileType = sourcecode.swift; path = TextDetailViewController.swift; sourceTree = "<group>"; };
		92B1F142C669FFEC71E57B180AAF7F4E /* XestiMonitorsDemo.app */ = {isa = PBXFileReference; explicitFileType = wrapper.application; includeInIndex = 0; path = XestiMonitorsDemo.app; sourceTree = BUILT_PRODUCTS_DIR; };
/* End PBXFileReference section */

/* Begin PBXFrameworksBuildPhase section */
		EEE6F4BB0BC7B8C6E7436FBBC8538E3F /* Frameworks */ = {
			isa = PBXFrameworksBuildPhase;
			buildActionMask = 2147483647;
			files = (
				91F28858E31923ED9C160A865BF3A277 /* Pods_XestiMonitorsDemo.framework in Frameworks */,
			);
			runOnlyForDeploymentPostprocessing = 0;
		};
/* End PBXFrameworksBuildPhase section */

/* Begin PBXGroup section */
		1D139E126DAB3C91D8365E36956B8E5F = {
			isa = PBXGroup;
			children = (
				E4D358B910AACB6F73855D22B4EC6F66 /* Frameworks */,
				F5487A57A86C1145DA0CF0B9B2FB08A3 /* Pods */,
				2157C90740C2A8F958B883CA12A039AA /* Products */,
				699D7260A1BAAD2835E46AEE2EA8EDAD /* XestiMonitorsDemo */,
			);
			sourceTree = "<group>";
		};
		2157C90740C2A8F958B883CA12A039AA /* Products */ = {
			isa = PBXGroup;
			children = (
				92B1F142C669FFEC71E57B180AAF7F4E /* XestiMonitorsDemo.app */,
			);
			name = Products;
			sourceTree = "<group>";
		};
		699D7260A1BAAD2835E46AEE2EA8EDAD /* XestiMonitorsDemo */ = {
			isa = PBXGroup;
			children = (
				8E93A1E9BCC8EF979BC1D868FE781D27 /* AccessibilityDetailViewController.swift */,
				FCC3E3B7775D0EAB11F53F12CFBBC255 /* AppDelegate.swift */,
				6686FB9920C0A759BD0A7ABD66ABC739 /* ApplicationDetailViewController.swift */,
				7480CAE2F92D9528DB49B809D477CC37 /* Assets.xcassets */,
				63A5D6F4D8AD8AEB10D92DF186E9E07E /* DeviceDetailViewController.swift */,
				E2FC050D9D272F9F9583129B94FA87F5 /* Formatters.swift */,
				996B7977F641C5B43260A498BCAE3468 /* Info.plist */,
				BEF94CE17E3CC3ACD3A84C3CD36447C2 /* LaunchScreen.storyboard */,
				3C319FA8DFDB41910F5B3482BFB776D2 /* LocationDetailViewController.swift */,
				2AD0226A9C6446EDC8243E944E8D5A80 /* Main.storyboard */,
				129A1F7B59643EE023BDD2C0445E4236 /* MasterViewController.swift */,
				FB0FDF42633DD3FBD9FFB601F445B99E /* MotionDetailViewController.swift */,
				091C3212D8F84F4E317559FB7C2768EB /* OtherDetailViewController.swift */,
				E4C1F23C29BBC9BDCB66C6C42D62494F /* ScreenDetailViewController.swift */,
				7839B851BB651C1C5E2E8F7A69C1F361 /* TextDetailViewController.swift */,
			);
			path = XestiMonitorsDemo;
			sourceTree = "<group>";
		};
		E4D358B910AACB6F73855D22B4EC6F66 /* Frameworks */ = {
			isa = PBXGroup;
			children = (
				129D515958E64AA58BD4445444C16400 /* Pods_XestiMonitorsDemo.framework */,
			);
			name = Frameworks;
			sourceTree = "<group>";
		};
		F5487A57A86C1145DA0CF0B9B2FB08A3 /* Pods */ = {
			isa = PBXGroup;
			children = (
				146D5C435C5EF80E4A3B33AD70CD99AA /* Pods-XestiMonitorsDemo.debug.xcconfig */,
				6DD4E577B466C769847B43EB9039E6CF /* Pods-XestiMonitorsDemo.release.xcconfig */,
			);
			name = Pods;
			sourceTree = "<group>";
		};
/* End PBXGroup section */

/* Begin PBXNativeTarget section */
		1DA964FAE5CEDB2B43F3B3AA1557CD73 /* XestiMonitorsDemo */ = {
			isa = PBXNativeTarget;
			buildConfigurationList = E66C34364525F6ECFCB78AC091297905 /* Build configuration list for PBXNativeTarget "XestiMonitorsDemo" */;
			buildPhases = (
				A2AD097F09172752B342449DFEF2F813 /* [CP] Check Pods Manifest.lock */,
				3264F9A8C33AACD7E1755001B277D462 /* Sources */,
				EEE6F4BB0BC7B8C6E7436FBBC8538E3F /* Frameworks */,
				B888D89D170C240B8495EA107AB9730A /* Resources */,
				5D06AE0FE1909CA6226749564191856D /* [CP] Embed Pods Frameworks */,
			);
			buildRules = (
			);
			dependencies = (
			);
			name = XestiMonitorsDemo;
			productName = XestiMonitorsDemo;
			productReference = 92B1F142C669FFEC71E57B180AAF7F4E /* XestiMonitorsDemo.app */;
			productType = "com.apple.product-type.application";
		};
/* End PBXNativeTarget section */

/* Begin PBXProject section */
		0F6B96A7D7E539C07BEDE87801FAF727 /* Project object */ = {
			isa = PBXProject;
			attributes = {
				LastSwiftUpdateCheck = 0920;
				LastUpgradeCheck = 0930;
				ORGANIZATIONNAME = Xesticode;
				TargetAttributes = {
					1DA964FAE5CEDB2B43F3B3AA1557CD73 = {
						CreatedOnToolsVersion = 9.2;
						LastSwiftMigration = 0920;
						ProvisioningStyle = Automatic;
						SystemCapabilities = {
							com.apple.BackgroundModes = {
								enabled = 1;
							};
						};
					};
				};
			};
			buildConfigurationList = AE75299D844C056AF569D3C54E63BE32 /* Build configuration list for PBXProject "XestiMonitorsDemo" */;
			compatibilityVersion = "Xcode 8.0";
			developmentRegion = en;
			hasScannedForEncodings = 0;
			knownRegions = (
				en,
				Base,
			);
			mainGroup = 1D139E126DAB3C91D8365E36956B8E5F;
			productRefGroup = 2157C90740C2A8F958B883CA12A039AA /* Products */;
			projectDirPath = "";
			projectRoot = "";
			targets = (
				1DA964FAE5CEDB2B43F3B3AA1557CD73 /* XestiMonitorsDemo */,
			);
		};
/* End PBXProject section */

/* Begin PBXResourcesBuildPhase section */
		B888D89D170C240B8495EA107AB9730A /* Resources */ = {
			isa = PBXResourcesBuildPhase;
			buildActionMask = 2147483647;
			files = (
				23335732524A514E157682414512FFBD /* Assets.xcassets in Resources */,
				90CBB5EE0F6840815570CA2592CBB8C8 /* LaunchScreen.storyboard in Resources */,
				A0D7A65493AD0E2F9F20F99D8DC47941 /* Main.storyboard in Resources */,
			);
			runOnlyForDeploymentPostprocessing = 0;
		};
/* End PBXResourcesBuildPhase section */

/* Begin PBXShellScriptBuildPhase section */
		5D06AE0FE1909CA6226749564191856D /* [CP] Embed Pods Frameworks */ = {
			isa = PBXShellScriptBuildPhase;
			buildActionMask = 2147483647;
			files = (
			);
			inputPaths = (
				"${SRCROOT}/Pods/Target Support Files/Pods-XestiMonitorsDemo/Pods-XestiMonitorsDemo-frameworks.sh",
				"${BUILT_PRODUCTS_DIR}/XestiMonitors/XestiMonitors.framework",
			);
			name = "[CP] Embed Pods Frameworks";
			outputPaths = (
				"${TARGET_BUILD_DIR}/${FRAMEWORKS_FOLDER_PATH}/XestiMonitors.framework",
			);
			runOnlyForDeploymentPostprocessing = 0;
			shellPath = /bin/sh;
			shellScript = "\"${SRCROOT}/Pods/Target Support Files/Pods-XestiMonitorsDemo/Pods-XestiMonitorsDemo-frameworks.sh\"\n";
			showEnvVarsInLog = 0;
		};
		A2AD097F09172752B342449DFEF2F813 /* [CP] Check Pods Manifest.lock */ = {
			isa = PBXShellScriptBuildPhase;
			buildActionMask = 2147483647;
			files = (
			);
			inputPaths = (
				"${PODS_PODFILE_DIR_PATH}/Podfile.lock",
				"${PODS_ROOT}/Manifest.lock",
			);
			name = "[CP] Check Pods Manifest.lock";
			outputPaths = (
				"$(DERIVED_FILE_DIR)/Pods-XestiMonitorsDemo-checkManifestLockResult.txt",
			);
			runOnlyForDeploymentPostprocessing = 0;
			shellPath = /bin/sh;
			shellScript = "diff \"${PODS_PODFILE_DIR_PATH}/Podfile.lock\" \"${PODS_ROOT}/Manifest.lock\" > /dev/null\nif [ $? != 0 ] ; then\n    # print error to STDERR\n    echo \"error: The sandbox is not in sync with the Podfile.lock. Run 'pod install' or update your CocoaPods installation.\" >&2\n    exit 1\nfi\n# This output is used by Xcode 'outputs' to avoid re-running this script phase.\necho \"SUCCESS\" > \"${SCRIPT_OUTPUT_FILE_0}\"\n";
			showEnvVarsInLog = 0;
		};
/* End PBXShellScriptBuildPhase section */

/* Begin PBXSourcesBuildPhase section */
		3264F9A8C33AACD7E1755001B277D462 /* Sources */ = {
			isa = PBXSourcesBuildPhase;
			buildActionMask = 2147483647;
			files = (
				1F8EAD8B18A642617449A1EF994B7ACF /* AccessibilityDetailViewController.swift in Sources */,
				025D0B955844FCF09C3B987D21161724 /* AppDelegate.swift in Sources */,
				ED3E1C658986CAEC2CA4904E2D8523FF /* ApplicationDetailViewController.swift in Sources */,
				7B53F00CC9D0507246196CBA76100637 /* DeviceDetailViewController.swift in Sources */,
				F15148FC2E190DD4724011C6F92E2DAA /* Formatters.swift in Sources */,
				699759279CFF5C5CA0C6AA30EDCD8B12 /* LocationDetailViewController.swift in Sources */,
				78D035EA283D48BB3FD29294C8F0C5F6 /* MasterViewController.swift in Sources */,
				937785761C438A37295555A9D4559A1B /* MotionDetailViewController.swift in Sources */,
				C1BF74418843FA6FDA88FAC4B9AF1E85 /* OtherDetailViewController.swift in Sources */,
				079CF84D08E4E652FC129C6A74134D8D /* ScreenDetailViewController.swift in Sources */,
				8A6F112FCA539DEEBA2BD5D3AB57D2F6 /* TextDetailViewController.swift in Sources */,
			);
			runOnlyForDeploymentPostprocessing = 0;
		};
/* End PBXSourcesBuildPhase section */

/* Begin PBXVariantGroup section */
		2AD0226A9C6446EDC8243E944E8D5A80 /* Main.storyboard */ = {
			isa = PBXVariantGroup;
			children = (
				3A2662E030E32BD408D4091D852D603F /* Base */,
			);
			name = Main.storyboard;
			sourceTree = "<group>";
		};
		BEF94CE17E3CC3ACD3A84C3CD36447C2 /* LaunchScreen.storyboard */ = {
			isa = PBXVariantGroup;
			children = (
				F7CA6EB736AE7343778AE2245F039209 /* Base */,
			);
			name = LaunchScreen.storyboard;
			sourceTree = "<group>";
		};
/* End PBXVariantGroup section */

/* Begin XCBuildConfiguration section */
		3DB9C1006E69DF915D09C9F1E68FFC68 /* Release */ = {
			isa = XCBuildConfiguration;
			buildSettings = {
				ALWAYS_SEARCH_USER_PATHS = NO;
				CLANG_ANALYZER_LOCALIZABILITY_NONLOCALIZED = YES;
				CLANG_ANALYZER_NONNULL = YES;
				CLANG_ANALYZER_NUMBER_OBJECT_CONVERSION = YES_AGGRESSIVE;
				CLANG_CXX_LANGUAGE_STANDARD = "gnu++14";
				CLANG_CXX_LIBRARY = "libc++";
				CLANG_ENABLE_MODULES = YES;
				CLANG_ENABLE_OBJC_ARC = YES;
				CLANG_WARN_BLOCK_CAPTURE_AUTORELEASING = YES;
				CLANG_WARN_BOOL_CONVERSION = YES;
				CLANG_WARN_COMMA = YES;
				CLANG_WARN_CONSTANT_CONVERSION = YES;
				CLANG_WARN_DEPRECATED_OBJC_IMPLEMENTATIONS = YES;
				CLANG_WARN_DIRECT_OBJC_ISA_USAGE = YES_ERROR;
				CLANG_WARN_DOCUMENTATION_COMMENTS = YES;
				CLANG_WARN_EMPTY_BODY = YES;
				CLANG_WARN_ENUM_CONVERSION = YES;
				CLANG_WARN_INFINITE_RECURSION = YES;
				CLANG_WARN_INT_CONVERSION = YES;
				CLANG_WARN_NON_LITERAL_NULL_CONVERSION = YES;
				CLANG_WARN_OBJC_IMPLICIT_RETAIN_SELF = YES;
				CLANG_WARN_OBJC_LITERAL_CONVERSION = YES;
				CLANG_WARN_OBJC_ROOT_CLASS = YES_ERROR;
				CLANG_WARN_RANGE_LOOP_ANALYSIS = YES;
				CLANG_WARN_STRICT_PROTOTYPES = YES;
				CLANG_WARN_SUSPICIOUS_MOVE = YES;
				CLANG_WARN_UNGUARDED_AVAILABILITY = YES_AGGRESSIVE;
				CLANG_WARN_UNREACHABLE_CODE = YES;
				CLANG_WARN__DUPLICATE_METHOD_MATCH = YES;
				CODE_SIGN_IDENTITY = "iPhone Developer";
				COPY_PHASE_STRIP = NO;
				DEBUG_INFORMATION_FORMAT = "dwarf-with-dsym";
				ENABLE_NS_ASSERTIONS = NO;
				ENABLE_STRICT_OBJC_MSGSEND = YES;
				GCC_C_LANGUAGE_STANDARD = gnu11;
				GCC_NO_COMMON_BLOCKS = YES;
				GCC_WARN_64_TO_32_BIT_CONVERSION = YES;
				GCC_WARN_ABOUT_RETURN_TYPE = YES_ERROR;
				GCC_WARN_UNDECLARED_SELECTOR = YES;
				GCC_WARN_UNINITIALIZED_AUTOS = YES_AGGRESSIVE;
				GCC_WARN_UNUSED_FUNCTION = YES;
				GCC_WARN_UNUSED_VARIABLE = YES;
				IPHONEOS_DEPLOYMENT_TARGET = 9.0;
				MTL_ENABLE_DEBUG_INFO = NO;
				SDKROOT = iphoneos;
				SWIFT_OPTIMIZATION_LEVEL = "-Owholemodule";
				VALIDATE_PRODUCT = YES;
			};
			name = Release;
		};
		892FB47E0418A8DD452D3F677A995ED2 /* Debug */ = {
			isa = XCBuildConfiguration;
			baseConfigurationReference = 146D5C435C5EF80E4A3B33AD70CD99AA /* Pods-XestiMonitorsDemo.debug.xcconfig */;
			buildSettings = {
				ASSETCATALOG_COMPILER_APPICON_NAME = AppIcon;
				CLANG_ENABLE_MODULES = YES;
				CODE_SIGN_STYLE = Automatic;
				DEVELOPMENT_TEAM = 7688PWZMS6;
				INFOPLIST_FILE = XestiMonitorsDemo/Info.plist;
				LD_RUNPATH_SEARCH_PATHS = "$(inherited) @executable_path/Frameworks";
				PRODUCT_BUNDLE_IDENTIFIER = com.xesticode.XestiMonitorsDemo;
				PRODUCT_NAME = "$(TARGET_NAME)";
				SWIFT_OPTIMIZATION_LEVEL = "-Onone";
				SWIFT_VERSION = 4.1;
				TARGETED_DEVICE_FAMILY = "1,2";
			};
			name = Debug;
		};
		9C9024D0B8E7C6E25D38F7BB31659794 /* Release */ = {
			isa = XCBuildConfiguration;
			baseConfigurationReference = 6DD4E577B466C769847B43EB9039E6CF /* Pods-XestiMonitorsDemo.release.xcconfig */;
			buildSettings = {
				ASSETCATALOG_COMPILER_APPICON_NAME = AppIcon;
				CLANG_ENABLE_MODULES = YES;
				CODE_SIGN_STYLE = Automatic;
				DEVELOPMENT_TEAM = 7688PWZMS6;
				INFOPLIST_FILE = XestiMonitorsDemo/Info.plist;
				LD_RUNPATH_SEARCH_PATHS = "$(inherited) @executable_path/Frameworks";
				PRODUCT_BUNDLE_IDENTIFIER = com.xesticode.XestiMonitorsDemo;
				PRODUCT_NAME = "$(TARGET_NAME)";
				SWIFT_VERSION = 4.1;
				TARGETED_DEVICE_FAMILY = "1,2";
			};
			name = Release;
		};
		B9965CBA600A083C1215B004A7303D98 /* Debug */ = {
			isa = XCBuildConfiguration;
			buildSettings = {
				ALWAYS_SEARCH_USER_PATHS = NO;
				CLANG_ANALYZER_LOCALIZABILITY_NONLOCALIZED = YES;
				CLANG_ANALYZER_NONNULL = YES;
				CLANG_ANALYZER_NUMBER_OBJECT_CONVERSION = YES_AGGRESSIVE;
				CLANG_CXX_LANGUAGE_STANDARD = "gnu++14";
				CLANG_CXX_LIBRARY = "libc++";
				CLANG_ENABLE_MODULES = YES;
				CLANG_ENABLE_OBJC_ARC = YES;
				CLANG_WARN_BLOCK_CAPTURE_AUTORELEASING = YES;
				CLANG_WARN_BOOL_CONVERSION = YES;
				CLANG_WARN_COMMA = YES;
				CLANG_WARN_CONSTANT_CONVERSION = YES;
				CLANG_WARN_DEPRECATED_OBJC_IMPLEMENTATIONS = YES;
				CLANG_WARN_DIRECT_OBJC_ISA_USAGE = YES_ERROR;
				CLANG_WARN_DOCUMENTATION_COMMENTS = YES;
				CLANG_WARN_EMPTY_BODY = YES;
				CLANG_WARN_ENUM_CONVERSION = YES;
				CLANG_WARN_INFINITE_RECURSION = YES;
				CLANG_WARN_INT_CONVERSION = YES;
				CLANG_WARN_NON_LITERAL_NULL_CONVERSION = YES;
				CLANG_WARN_OBJC_IMPLICIT_RETAIN_SELF = YES;
				CLANG_WARN_OBJC_LITERAL_CONVERSION = YES;
				CLANG_WARN_OBJC_ROOT_CLASS = YES_ERROR;
				CLANG_WARN_RANGE_LOOP_ANALYSIS = YES;
				CLANG_WARN_STRICT_PROTOTYPES = YES;
				CLANG_WARN_SUSPICIOUS_MOVE = YES;
				CLANG_WARN_UNGUARDED_AVAILABILITY = YES_AGGRESSIVE;
				CLANG_WARN_UNREACHABLE_CODE = YES;
				CLANG_WARN__DUPLICATE_METHOD_MATCH = YES;
				CODE_SIGN_IDENTITY = "iPhone Developer";
				COPY_PHASE_STRIP = NO;
				DEBUG_INFORMATION_FORMAT = dwarf;
				ENABLE_STRICT_OBJC_MSGSEND = YES;
				ENABLE_TESTABILITY = YES;
				GCC_C_LANGUAGE_STANDARD = gnu11;
				GCC_DYNAMIC_NO_PIC = NO;
				GCC_NO_COMMON_BLOCKS = YES;
				GCC_OPTIMIZATION_LEVEL = 0;
				GCC_PREPROCESSOR_DEFINITIONS = (
					"DEBUG=1",
					"$(inherited)",
				);
				GCC_WARN_64_TO_32_BIT_CONVERSION = YES;
				GCC_WARN_ABOUT_RETURN_TYPE = YES_ERROR;
				GCC_WARN_UNDECLARED_SELECTOR = YES;
				GCC_WARN_UNINITIALIZED_AUTOS = YES_AGGRESSIVE;
				GCC_WARN_UNUSED_FUNCTION = YES;
				GCC_WARN_UNUSED_VARIABLE = YES;
				IPHONEOS_DEPLOYMENT_TARGET = 9.0;
				MTL_ENABLE_DEBUG_INFO = YES;
				ONLY_ACTIVE_ARCH = YES;
				SDKROOT = iphoneos;
				SWIFT_ACTIVE_COMPILATION_CONDITIONS = DEBUG;
				SWIFT_OPTIMIZATION_LEVEL = "-Onone";
			};
			name = Debug;
		};
/* End XCBuildConfiguration section */

/* Begin XCConfigurationList section */
		AE75299D844C056AF569D3C54E63BE32 /* Build configuration list for PBXProject "XestiMonitorsDemo" */ = {
			isa = XCConfigurationList;
			buildConfigurations = (
				B9965CBA600A083C1215B004A7303D98 /* Debug */,
				3DB9C1006E69DF915D09C9F1E68FFC68 /* Release */,
			);
			defaultConfigurationIsVisible = 0;
			defaultConfigurationName = Release;
		};
		E66C34364525F6ECFCB78AC091297905 /* Build configuration list for PBXNativeTarget "XestiMonitorsDemo" */ = {
			isa = XCConfigurationList;
			buildConfigurations = (
				892FB47E0418A8DD452D3F677A995ED2 /* Debug */,
				9C9024D0B8E7C6E25D38F7BB31659794 /* Release */,
			);
			defaultConfigurationIsVisible = 0;
			defaultConfigurationName = Release;
		};
/* End XCConfigurationList section */
	};
	rootObject = 0F6B96A7D7E539C07BEDE87801FAF727 /* Project object */;
}
