PODS:
  - XestiMonitors (2.7.0):
    - XestiMonitors/Core (= 2.7.0)
  - XestiMonitors/Core (2.7.0)

DEPENDENCIES:
  - XestiMonitors (from `../../`)

EXTERNAL SOURCES:
  XestiMonitors:
    :path: ../../

SPEC CHECKSUMS:
  XestiMonitors: 0e3bb44b4394b5a8d30d60731ef6261a30193724

PODFILE CHECKSUM: 1126d3f650bae5d09bc018cdd9097411c8d68f2e

COCOAPODS: 1.4.0
