PODS:
  - XestiMonitors (2.8.0):
    - XestiMonitors/Core (= 2.8.0)
  - XestiMonitors/Core (2.8.0)

DEPENDENCIES:
  - XestiMonitors (from `../../`)

EXTERNAL SOURCES:
  XestiMonitors:
    :path: "../../"

SPEC CHECKSUMS:
  XestiMonitors: ea77ffdd6fb5cad5db45e6e305c7bcbd92670554

PODFILE CHECKSUM: 1126d3f650bae5d09bc018cdd9097411c8d68f2e

COCOAPODS: 1.5.0
